{
  "nodes": {
    "agent-sandbox": {
      "inputs": {
        "nixpkgs": [
          "nixpkgs"
        ]
      },
      "locked": {
        "lastModified": 1789223922,
        "narHash": "sha256-RA78IZ3Ldk6BAstepv6nZ6VzrVbVhYfido8gmAOF9Ak=",
        "owner": "archie-judd",
        "repo": "agent-sandbox.nix",
        "rev": "566defa1560051c4e48049389f942a6c1a53aee9",
        "type": "github"
      },
      "original": {
        "owner": "archie-judd",
        "repo": "agent-sandbox.nix",
        "rev": "566defa1560051c4e48049389f942a6c1a53aee9",
        "type": "github"
      }
    },
    "nixpkgs": {
      "locked": {
        "lastModified": 1789114715,
        "narHash": "sha256-ugpsyk3NM2s87vXfUiIIiibbJ4Pp0JPS5p/3mfs+q+c=",
        "owner": "NixOS",
        "repo": "nixpkgs",
        "rev": "21a67dc470149f337cecafbe965d8d252a390518",
        "type": "github"
      },
      "original": {
        "owner": "NixOS",
        "repo": "nixpkgs",
        "rev": "21a67dc470149f337cecafbe965d8d252a390518",
        "type": "github"
      }
    },
    "root": {
      "inputs": {
        "agent-sandbox": "agent-sandbox",
        "nixpkgs": "nixpkgs"
      }
    }
  },
  "root": "root",
  "version": 7
}
